
Microsoft Visual Studio Solution File, Format Version 12.00
# Visual Studio 2012
Project("{8BC9CEB8-8B4A-11D0-8D11-00A0C91BC942}") = "CppPractice", "CppPractice\CppPractice.vcxproj", "{DEA4A6AE-38B0-4BE7-93FA-FC506262A585}"
EndProject
Global
	GlobalSection(SolutionConfigurationPlatforms) = preSolution
		Debug|Win32 = Debug|Win32
		Release|Win32 = Release|Win32
	EndGlobalSection
	GlobalSection(ProjectConfigurationPlatforms) = postSolution
		{DEA4A6AE-38B0-4BE7-93FA-FC506262A585}.Debug|Win32.ActiveCfg = Debug|Win32
		{DEA4A6AE-38B0-4BE7-93FA-FC506262A585}.Debug|Win32.Build.0 = Debug|Win32
		{DEA4A6AE-38B0-4BE7-93FA-FC506262A585}.Release|Win32.ActiveCfg = Release|Win32
		{DEA4A6AE-38B0-4BE7-93FA-FC506262A585}.Release|Win32.Build.0 = Release|Win32
	EndGlobalSection
	GlobalSection(SolutionProperties) = preSolution
		HideSolutionNode = FALSE
	EndGlobalSection
EndGlobal
